
Microsoft Visual Studio Solution File, Format Version 12.00
# Visual Studio Version 17
VisualStudioVersion = 17.0.31919.166
MinimumVisualStudioVersion = 10.0.40219.1
Project("{FAE04EC0-301F-11D3-BF4B-00C04F79EFBC}") = "MyTimeObserver", "MyTimeObserver\MyTimeObserver.csproj", "{5F0470D7-1434-4B0E-95B9-0FA98700E8ED}"
EndProject
Global
	GlobalSection(SolutionConfigurationPlatforms) = preSolution
		Debug|Any CPU = Debug|Any CPU
		Release|Any CPU = Release|Any CPU
	EndGlobalSection
	GlobalSection(ProjectConfigurationPlatforms) = postSolution
		{5F0470D7-1434-4B0E-95B9-0FA98700E8ED}.Debug|Any CPU.ActiveCfg = Debug|Any CPU
		{5F0470D7-1434-4B0E-95B9-0FA98700E8ED}.Debug|Any CPU.Build.0 = Debug|Any CPU
		{5F0470D7-1434-4B0E-95B9-0FA98700E8ED}.Release|Any CPU.ActiveCfg = Release|Any CPU
		{5F0470D7-1434-4B0E-95B9-0FA98700E8ED}.Release|Any CPU.Build.0 = Release|Any CPU
	EndGlobalSection
	GlobalSection(SolutionProperties) = preSolution
		HideSolutionNode = FALSE
	EndGlobalSection
	GlobalSection(ExtensibilityGlobals) = postSolution
		SolutionGuid = {3545453B-5639-4046-9D5C-63315B9FC929}
	EndGlobalSection
EndGlobal
